
Microsoft Visual Studio Solution File, Format Version 12.00
# Visual Studio Version 16
VisualStudioVersion = 16.0.31729.503
MinimumVisualStudioVersion = 10.0.40219.1
Project("{FAE04EC0-301F-11D3-BF4B-00C04F79EFBC}") = "KetrinPres", "..\..\..\Desktop\KetrinStudioProba\KetrinPres\KetrinPres.csproj", "{58079BBC-5BC4-4697-A101-8EC6839BD8B4}"
EndProject
Global
	GlobalSection(SolutionConfigurationPlatforms) = preSolution
		Debug|Any CPU = Debug|Any CPU
		Release|Any CPU = Release|Any CPU
	EndGlobalSection
	GlobalSection(ProjectConfigurationPlatforms) = postSolution
		{58079BBC-5BC4-4697-A101-8EC6839BD8B4}.Debug|Any CPU.ActiveCfg = Debug|Any CPU
		{58079BBC-5BC4-4697-A101-8EC6839BD8B4}.Debug|Any CPU.Build.0 = Debug|Any CPU
		{58079BBC-5BC4-4697-A101-8EC6839BD8B4}.Release|Any CPU.ActiveCfg = Release|Any CPU
		{58079BBC-5BC4-4697-A101-8EC6839BD8B4}.Release|Any CPU.Build.0 = Release|Any CPU
	EndGlobalSection
	GlobalSection(SolutionProperties) = preSolution
		HideSolutionNode = FALSE
	EndGlobalSection
	GlobalSection(ExtensibilityGlobals) = postSolution
		SolutionGuid = {196805D1-634A-4E45-96EF-3AAA61E4A3D2}
	EndGlobalSection
EndGlobal
